
Microsoft Visual Studio Solution File, Format Version 12.00
# Visual Studio 15
VisualStudioVersion = 15.0.27703.2000
MinimumVisualStudioVersion = 10.0.40219.1
Project("{FAE04EC0-301F-11D3-BF4B-00C04F79EFBC}") = "APIServer", "APIServer\APIServer.csproj", "{DE631683-7278-4FBC-96C1-6EE7AB139D4D}"
EndProject
Global
	GlobalSection(SolutionConfigurationPlatforms) = preSolution
		Debug|Any CPU = Debug|Any CPU
		Release|Any CPU = Release|Any CPU
	EndGlobalSection
	GlobalSection(ProjectConfigurationPlatforms) = postSolution
		{DE631683-7278-4FBC-96C1-6EE7AB139D4D}.Debug|Any CPU.ActiveCfg = Debug|Any CPU
		{DE631683-7278-4FBC-96C1-6EE7AB139D4D}.Debug|Any CPU.Build.0 = Debug|Any CPU
		{DE631683-7278-4FBC-96C1-6EE7AB139D4D}.Release|Any CPU.ActiveCfg = Release|Any CPU
		{DE631683-7278-4FBC-96C1-6EE7AB139D4D}.Release|Any CPU.Build.0 = Release|Any CPU
	EndGlobalSection
	GlobalSection(SolutionProperties) = preSolution
		HideSolutionNode = FALSE
	EndGlobalSection
	GlobalSection(ExtensibilityGlobals) = postSolution
		SolutionGuid = {2578D6ED-553B-4AF6-BF28-87B71B9F8A59}
	EndGlobalSection
EndGlobal
